// !$*UTF8*$!
{
	archiveVersion = 1;
	classes = {
	};
	objectVersion = 46;
	objects = {

/* Begin PBXBuildFile section */
		828AAA701C0B6E3F00E00E22 /* AppDelegate.swift in Sources */ = {isa = PBXBuildFile; fileRef = 828AAA6F1C0B6E3F00E00E22 /* AppDelegate.swift */; };
		828AAA721C0B6E3F00E00E22 /* ViewController.swift in Sources */ = {isa = PBXBuildFile; fileRef = 828AAA711C0B6E3F00E00E22 /* ViewController.swift */; };
		828AAA751C0B6E3F00E00E22 /* Main.storyboard in Resources */ = {isa = PBXBuildFile; fileRef = 828AAA731C0B6E3F00E00E22 /* Main.storyboard */; };
		828AAA771C0B6E3F00E00E22 /* Assets.xcassets in Resources */ = {isa = PBXBuildFile; fileRef = 828AAA761C0B6E3F00E00E22 /* Assets.xcassets */; };
		828AAA7A1C0B6E3F00E00E22 /* LaunchScreen.storyboard in Resources */ = {isa = PBXBuildFile; fileRef = 828AAA781C0B6E3F00E00E22 /* LaunchScreen.storyboard */; };
		DFD65A4EE8930904898B4100 /* Pods_PokemonGuide.framework in Frameworks */ = {isa = PBXBuildFile; fileRef = 5CEB88941CD698C067C48118 /* Pods_PokemonGuide.framework */; };
/* End PBXBuildFile section */

/* Begin PBXFileReference section */
		5CEB88941CD698C067C48118 /* Pods_PokemonGuide.framework */ = {isa = PBXFileReference; explicitFileType = wrapper.framework; includeInIndex = 0; path = Pods_PokemonGuide.framework; sourceTree = BUILT_PRODUCTS_DIR; };
		828AAA6C1C0B6E3F00E00E22 /* PokemonGuide.app */ = {isa = PBXFileReference; explicitFileType = wrapper.application; includeInIndex = 0; path = PokemonGuide.app; sourceTree = BUILT_PRODUCTS_DIR; };
		828AAA6F1C0B6E3F00E00E22 /* AppDelegate.swift */ = {isa = PBXFileReference; lastKnownFileType = sourcecode.swift; path = AppDelegate.swift; sourceTree = "<group>"; };
		828AAA711C0B6E3F00E00E22 /* ViewController.swift */ = {isa = PBXFileReference; lastKnownFileType = sourcecode.swift; path = ViewController.swift; sourceTree = "<group>"; };
		828AAA741C0B6E3F00E00E22 /* Base */ = {isa = PBXFileReference; lastKnownFileType = file.storyboard; name = Base; path = Base.lproj/Main.storyboard; sourceTree = "<group>"; };
		828AAA761C0B6E3F00E00E22 /* Assets.xcassets */ = {isa = PBXFileReference; lastKnownFileType = folder.assetcatalog; path = Assets.xcassets; sourceTree = "<group>"; };
		828AAA791C0B6E3F00E00E22 /* Base */ = {isa = PBXFileReference; lastKnownFileType = file.storyboard; name = Base; path = Base.lproj/LaunchScreen.storyboard; sourceTree = "<group>"; };
		828AAA7B1C0B6E3F00E00E22 /* Info.plist */ = {isa = PBXFileReference; lastKnownFileType = text.plist.xml; path = Info.plist; sourceTree = "<group>"; };
		91F871B47E46AD052B00A244 /* Pods-PokemonGuide.release.xcconfig */ = {isa = PBXFileReference; includeInIndex = 1; lastKnownFileType = text.xcconfig; name = "Pods-PokemonGuide.release.xcconfig"; path = "Pods/Target Support Files/Pods-PokemonGuide/Pods-PokemonGuide.release.xcconfig"; sourceTree = "<group>"; };
		F35E4EB67900135436BB9155 /* Pods-PokemonGuide.debug.xcconfig */ = {isa = PBXFileReference; includeInIndex = 1; lastKnownFileType = text.xcconfig; name = "Pods-PokemonGuide.debug.xcconfig"; path = "Pods/Target Support Files/Pods-PokemonGuide/Pods-PokemonGuide.debug.xcconfig"; sourceTree = "<group>"; };
/* End PBXFileReference section */

/* Begin PBXFrameworksBuildPhase section */
		828AAA691C0B6E3F00E00E22 /* Frameworks */ = {
			isa = PBXFrameworksBuildPhase;
			buildActionMask = 2147483647;
			files = (
				DFD65A4EE8930904898B4100 /* Pods_PokemonGuide.framework in Frameworks */,
			);
			runOnlyForDeploymentPostprocessing = 0;
		};
/* End PBXFrameworksBuildPhase section */

/* Begin PBXGroup section */
		259E2F5BE6A03A701278165D /* Frameworks */ = {
			isa = PBXGroup;
			children = (
				5CEB88941CD698C067C48118 /* Pods_PokemonGuide.framework */,
			);
			name = Frameworks;
			sourceTree = "<group>";
		};
		4E7847B10E5001EE0D850DE5 /* Pods */ = {
			isa = PBXGroup;
			children = (
				F35E4EB67900135436BB9155 /* Pods-PokemonGuide.debug.xcconfig */,
				91F871B47E46AD052B00A244 /* Pods-PokemonGuide.release.xcconfig */,
			);
			name = Pods;
			sourceTree = "<group>";
		};
		828AAA631C0B6E3F00E00E22 = {
			isa = PBXGroup;
			children = (
				828AAA6E1C0B6E3F00E00E22 /* PokemonGuide */,
				828AAA6D1C0B6E3F00E00E22 /* Products */,
				4E7847B10E5001EE0D850DE5 /* Pods */,
				259E2F5BE6A03A701278165D /* Frameworks */,
			);
			sourceTree = "<group>";
		};
		828AAA6D1C0B6E3F00E00E22 /* Products */ = {
			isa = PBXGroup;
			children = (
				828AAA6C1C0B6E3F00E00E22 /* PokemonGuide.app */,
			);
			name = Products;
			sourceTree = "<group>";
		};
		828AAA6E1C0B6E3F00E00E22 /* PokemonGuide */ = {
			isa = PBXGroup;
			children = (
				828AAA6F1C0B6E3F00E00E22 /* AppDelegate.swift */,
				828AAA711C0B6E3F00E00E22 /* ViewController.swift */,
				828AAA731C0B6E3F00E00E22 /* Main.storyboard */,
				828AAA761C0B6E3F00E00E22 /* Assets.xcassets */,
				828AAA781C0B6E3F00E00E22 /* LaunchScreen.storyboard */,
				828AAA7B1C0B6E3F00E00E22 /* Info.plist */,
			);
			path = PokemonGuide;
			sourceTree = "<group>";
		};
/* End PBXGroup section */

/* Begin PBXNativeTarget section */
		828AAA6B1C0B6E3F00E00E22 /* PokemonGuide */ = {
			isa = PBXNativeTarget;
			buildConfigurationList = 828AAA7E1C0B6E3F00E00E22 /* Build configuration list for PBXNativeTarget "PokemonGuide" */;
			buildPhases = (
				BD00D99490236BADAD258CD8 /* Check Pods Manifest.lock */,
				828AAA681C0B6E3F00E00E22 /* Sources */,
				828AAA691C0B6E3F00E00E22 /* Frameworks */,
				828AAA6A1C0B6E3F00E00E22 /* Resources */,
				D6A30472DB9055EF582FFA7C /* Embed Pods Frameworks */,
				D6A82EA4C06EE6093A30968C /* Copy Pods Resources */,
			);
			buildRules = (
			);
			dependencies = (
			);
			name = PokemonGuide;
			productName = PokemonGuide;
			productReference = 828AAA6C1C0B6E3F00E00E22 /* PokemonGuide.app */;
			productType = "com.apple.product-type.application";
		};
/* End PBXNativeTarget section */

/* Begin PBXProject section */
		828AAA641C0B6E3F00E00E22 /* Project object */ = {
			isa = PBXProject;
			attributes = {
				LastSwiftUpdateCheck = 0710;
				LastUpgradeCheck = 0710;
				ORGANIZATIONNAME = "Denis Motta";
				TargetAttributes = {
					828AAA6B1C0B6E3F00E00E22 = {
						CreatedOnToolsVersion = 7.1.1;
						DevelopmentTeam = 8MA6TBV4WR;
					};
				};
			};
			buildConfigurationList = 828AAA671C0B6E3F00E00E22 /* Build configuration list for PBXProject "PokemonGuide" */;
			compatibilityVersion = "Xcode 3.2";
			developmentRegion = English;
			hasScannedForEncodings = 0;
			knownRegions = (
				en,
				Base,
			);
			mainGroup = 828AAA631C0B6E3F00E00E22;
			productRefGroup = 828AAA6D1C0B6E3F00E00E22 /* Products */;
			projectDirPath = "";
			projectRoot = "";
			targets = (
				828AAA6B1C0B6E3F00E00E22 /* PokemonGuide */,
			);
		};
/* End PBXProject section */

/* Begin PBXResourcesBuildPhase section */
		828AAA6A1C0B6E3F00E00E22 /* Resources */ = {
			isa = PBXResourcesBuildPhase;
			buildActionMask = 2147483647;
			files = (
				828AAA7A1C0B6E3F00E00E22 /* LaunchScreen.storyboard in Resources */,
				828AAA771C0B6E3F00E00E22 /* Assets.xcassets in Resources */,
				828AAA751C0B6E3F00E00E22 /* Main.storyboard in Resources */,
			);
			runOnlyForDeploymentPostprocessing = 0;
		};
/* End PBXResourcesBuildPhase section */

/* Begin PBXShellScriptBuildPhase section */
		BD00D99490236BADAD258CD8 /* Check Pods Manifest.lock */ = {
			isa = PBXShellScriptBuildPhase;
			buildActionMask = 2147483647;
			files = (
			);
			inputPaths = (
			);
			name = "Check Pods Manifest.lock";
			outputPaths = (
			);
			runOnlyForDeploymentPostprocessing = 0;
			shellPath = /bin/sh;
			shellScript = "diff \"${PODS_ROOT}/../Podfile.lock\" \"${PODS_ROOT}/Manifest.lock\" > /dev/null\nif [[ $? != 0 ]] ; then\n    cat << EOM\nerror: The sandbox is not in sync with the Podfile.lock. Run 'pod install' or update your CocoaPods installation.\nEOM\n    exit 1\nfi\n";
			showEnvVarsInLog = 0;
		};
		D6A30472DB9055EF582FFA7C /* Embed Pods Frameworks */ = {
			isa = PBXShellScriptBuildPhase;
			buildActionMask = 2147483647;
			files = (
			);
			inputPaths = (
			);
			name = "Embed Pods Frameworks";
			outputPaths = (
			);
			runOnlyForDeploymentPostprocessing = 0;
			shellPath = /bin/sh;
			shellScript = "\"${SRCROOT}/Pods/Target Support Files/Pods-PokemonGuide/Pods-PokemonGuide-frameworks.sh\"\n";
			showEnvVarsInLog = 0;
		};
		D6A82EA4C06EE6093A30968C /* Copy Pods Resources */ = {
			isa = PBXShellScriptBuildPhase;
			buildActionMask = 2147483647;
			files = (
			);
			inputPaths = (
			);
			name = "Copy Pods Resources";
			outputPaths = (
			);
			runOnlyForDeploymentPostprocessing = 0;
			shellPath = /bin/sh;
			shellScript = "\"${SRCROOT}/Pods/Target Support Files/Pods-PokemonGuide/Pods-PokemonGuide-resources.sh\"\n";
			showEnvVarsInLog = 0;
		};
/* End PBXShellScriptBuildPhase section */

/* Begin PBXSourcesBuildPhase section */
		828AAA681C0B6E3F00E00E22 /* Sources */ = {
			isa = PBXSourcesBuildPhase;
			buildActionMask = 2147483647;
			files = (
				828AAA721C0B6E3F00E00E22 /* ViewController.swift in Sources */,
				828AAA701C0B6E3F00E00E22 /* AppDelegate.swift in Sources */,
			);
			runOnlyForDeploymentPostprocessing = 0;
		};
/* End PBXSourcesBuildPhase section */

/* Begin PBXVariantGroup section */
		828AAA731C0B6E3F00E00E22 /* Main.storyboard */ = {
			isa = PBXVariantGroup;
			children = (
				828AAA741C0B6E3F00E00E22 /* Base */,
			);
			name = Main.storyboard;
			sourceTree = "<group>";
		};
		828AAA781C0B6E3F00E00E22 /* LaunchScreen.storyboard */ = {
			isa = PBXVariantGroup;
			children = (
				828AAA791C0B6E3F00E00E22 /* Base */,
			);
			name = LaunchScreen.storyboard;
			sourceTree = "<group>";
		};
/* End PBXVariantGroup section */

/* Begin XCBuildConfiguration section */
		828AAA7C1C0B6E3F00E00E22 /* Debug */ = {
			isa = XCBuildConfiguration;
			buildSettings = {
				ALWAYS_SEARCH_USER_PATHS = NO;
				CLANG_CXX_LANGUAGE_STANDARD = "gnu++0x";
				CLANG_CXX_LIBRARY = "libc++";
				CLANG_ENABLE_MODULES = YES;
				CLANG_ENABLE_OBJC_ARC = YES;
				CLANG_WARN_BOOL_CONVERSION = YES;
				CLANG_WARN_CONSTANT_CONVERSION = YES;
				CLANG_WARN_DIRECT_OBJC_ISA_USAGE = YES_ERROR;
				CLANG_WARN_EMPTY_BODY = YES;
				CLANG_WARN_ENUM_CONVERSION = YES;
				CLANG_WARN_INT_CONVERSION = YES;
				CLANG_WARN_OBJC_ROOT_CLASS = YES_ERROR;
				CLANG_WARN_UNREACHABLE_CODE = YES;
				CLANG_WARN__DUPLICATE_METHOD_MATCH = YES;
				"CODE_SIGN_IDENTITY[sdk=iphoneos*]" = "iPhone Developer";
				COPY_PHASE_STRIP = NO;
				DEBUG_INFORMATION_FORMAT = dwarf;
				ENABLE_STRICT_OBJC_MSGSEND = YES;
				ENABLE_TESTABILITY = YES;
				GCC_C_LANGUAGE_STANDARD = gnu99;
				GCC_DYNAMIC_NO_PIC = NO;
				GCC_NO_COMMON_BLOCKS = YES;
				GCC_OPTIMIZATION_LEVEL = 0;
				GCC_PREPROCESSOR_DEFINITIONS = (
					"DEBUG=1",
					"$(inherited)",
				);
				GCC_WARN_64_TO_32_BIT_CONVERSION = YES;
				GCC_WARN_ABOUT_RETURN_TYPE = YES_ERROR;
				GCC_WARN_UNDECLARED_SELECTOR = YES;
				GCC_WARN_UNINITIALIZED_AUTOS = YES_AGGRESSIVE;
				GCC_WARN_UNUSED_FUNCTION = YES;
				GCC_WARN_UNUSED_VARIABLE = YES;
				IPHONEOS_DEPLOYMENT_TARGET = 9.1;
				MTL_ENABLE_DEBUG_INFO = YES;
				ONLY_ACTIVE_ARCH = YES;
				SDKROOT = iphoneos;
				SWIFT_OPTIMIZATION_LEVEL = "-Onone";
			};
			name = Debug;
		};
		828AAA7D1C0B6E3F00E00E22 /* Release */ = {
			isa = XCBuildConfiguration;
			buildSettings = {
				ALWAYS_SEARCH_USER_PATHS = NO;
				CLANG_CXX_LANGUAGE_STANDARD = "gnu++0x";
				CLANG_CXX_LIBRARY = "libc++";
				CLANG_ENABLE_MODULES = YES;
				CLANG_ENABLE_OBJC_ARC = YES;
				CLANG_WARN_BOOL_CONVERSION = YES;
				CLANG_WARN_CONSTANT_CONVERSION = YES;
				CLANG_WARN_DIRECT_OBJC_ISA_USAGE = YES_ERROR;
				CLANG_WARN_EMPTY_BODY = YES;
				CLANG_WARN_ENUM_CONVERSION = YES;
				CLANG_WARN_INT_CONVERSION = YES;
				CLANG_WARN_OBJC_ROOT_CLASS = YES_ERROR;
				CLANG_WARN_UNREACHABLE_CODE = YES;
				CLANG_WARN__DUPLICATE_METHOD_MATCH = YES;
				"CODE_SIGN_IDENTITY[sdk=iphoneos*]" = "iPhone Developer";
				COPY_PHASE_STRIP = NO;
				DEBUG_INFORMATION_FORMAT = "dwarf-with-dsym";
				ENABLE_NS_ASSERTIONS = NO;
				ENABLE_STRICT_OBJC_MSGSEND = YES;
				GCC_C_LANGUAGE_STANDARD = gnu99;
				GCC_NO_COMMON_BLOCKS = YES;
				GCC_WARN_64_TO_32_BIT_CONVERSION = YES;
				GCC_WARN_ABOUT_RETURN_TYPE = YES_ERROR;
				GCC_WARN_UNDECLARED_SELECTOR = YES;
				GCC_WARN_UNINITIALIZED_AUTOS = YES_AGGRESSIVE;
				GCC_WARN_UNUSED_FUNCTION = YES;
				GCC_WARN_UNUSED_VARIABLE = YES;
				IPHONEOS_DEPLOYMENT_TARGET = 9.1;
				MTL_ENABLE_DEBUG_INFO = NO;
				SDKROOT = iphoneos;
				VALIDATE_PRODUCT = YES;
			};
			name = Release;
		};
		828AAA7F1C0B6E3F00E00E22 /* Debug */ = {
			isa = XCBuildConfiguration;
			baseConfigurationReference = F35E4EB67900135436BB9155 /* Pods-PokemonGuide.debug.xcconfig */;
			buildSettings = {
				ASSETCATALOG_COMPILER_APPICON_NAME = AppIcon;
				INFOPLIST_FILE = PokemonGuide/Info.plist;
				LD_RUNPATH_SEARCH_PATHS = "$(inherited) @executable_path/Frameworks";
				PRODUCT_BUNDLE_IDENTIFIER = AMP.PokemonGuide;
				PRODUCT_NAME = "$(TARGET_NAME)";
			};
			name = Debug;
		};
		828AAA801C0B6E3F00E00E22 /* Release */ = {
			isa = XCBuildConfiguration;
			baseConfigurationReference = 91F871B47E46AD052B00A244 /* Pods-PokemonGuide.release.xcconfig */;
			buildSettings = {
				ASSETCATALOG_COMPILER_APPICON_NAME = AppIcon;
				INFOPLIST_FILE = PokemonGuide/Info.plist;
				LD_RUNPATH_SEARCH_PATHS = "$(inherited) @executable_path/Frameworks";
				PRODUCT_BUNDLE_IDENTIFIER = AMP.PokemonGuide;
				PRODUCT_NAME = "$(TARGET_NAME)";
			};
			name = Release;
		};
/* End XCBuildConfiguration section */

/* Begin XCConfigurationList section */
		828AAA671C0B6E3F00E00E22 /* Build configuration list for PBXProject "PokemonGuide" */ = {
			isa = XCConfigurationList;
			buildConfigurations = (
				828AAA7C1C0B6E3F00E00E22 /* Debug */,
				828AAA7D1C0B6E3F00E00E22 /* Release */,
			);
			defaultConfigurationIsVisible = 0;
			defaultConfigurationName = Release;
		};
		828AAA7E1C0B6E3F00E00E22 /* Build configuration list for PBXNativeTarget "PokemonGuide" */ = {
			isa = XCConfigurationList;
			buildConfigurations = (
				828AAA7F1C0B6E3F00E00E22 /* Debug */,
				828AAA801C0B6E3F00E00E22 /* Release */,
			);
			defaultConfigurationIsVisible = 0;
			defaultConfigurationName = Release;
		};
/* End XCConfigurationList section */
	};
	rootObject = 828AAA641C0B6E3F00E00E22 /* Project object */;
}
